
Microsoft Visual Studio Solution File, Format Version 12.00
# Visual Studio 14
VisualStudioVersion = 14.0.25420.1
MinimumVisualStudioVersion = 10.0.40219.1
Project("{FAE04EC0-301F-11D3-BF4B-00C04F79EFBC}") = "01.ReverseNumbers", "01.ReverseNumbers\01.ReverseNumbers.csproj", "{C22609F3-7BBC-40E9-962D-9F8F77ED1A2D}"
EndProject
Project("{FAE04EC0-301F-11D3-BF4B-00C04F79EFBC}") = "03.MaxElements", "03.MaxElements\03.MaxElements.csproj", "{8E4F33B1-9A8F-46A4-AB3D-012AD7CB780E}"
EndProject
Project("{FAE04EC0-301F-11D3-BF4B-00C04F79EFBC}") = "05.CalculateSequenceWithQueue", "05.CalculateSequenceWithQueue\05.CalculateSequenceWithQueue.csproj", "{8403F96B-6434-4801-8B91-CE3391CF193C}"
EndProject
Project("{FAE04EC0-301F-11D3-BF4B-00C04F79EFBC}") = "06.TruckTour", "06.TruckTour\06.TruckTour.csproj", "{EE32FD09-FAA2-4056-93D8-A0C97D9DFC63}"
EndProject
Project("{FAE04EC0-301F-11D3-BF4B-00C04F79EFBC}") = "02.BasicStackOperations", "02.BasicStackOperations\02.BasicStackOperations.csproj", "{29611D38-6545-4729-977D-8BBCE3C9537B}"
EndProject
Project("{FAE04EC0-301F-11D3-BF4B-00C04F79EFBC}") = "04.BasicQueueOperations", "04.BasicQueueOperations\04.BasicQueueOperations.csproj", "{1249A65C-FEA0-4871-8D7E-09D48538EA78}"
EndProject
Project("{FAE04EC0-301F-11D3-BF4B-00C04F79EFBC}") = "07.BalancedParenthesis", "07.BalancedParenthesis\07.BalancedParenthesis.csproj", "{BC839BE3-C89C-42C6-8B0D-BDD30F7D3218}"
EndProject
Project("{FAE04EC0-301F-11D3-BF4B-00C04F79EFBC}") = "11.PoisonousPlants", "11.PoisonousPlants\11.PoisonousPlants.csproj", "{FC201AD9-6AAF-4EE0-AC47-47D4DE7D5431}"
EndProject
Global
	GlobalSection(SolutionConfigurationPlatforms) = preSolution
		Debug|Any CPU = Debug|Any CPU
		Release|Any CPU = Release|Any CPU
	EndGlobalSection
	GlobalSection(ProjectConfigurationPlatforms) = postSolution
		{C22609F3-7BBC-40E9-962D-9F8F77ED1A2D}.Debug|Any CPU.ActiveCfg = Debug|Any CPU
		{C22609F3-7BBC-40E9-962D-9F8F77ED1A2D}.Debug|Any CPU.Build.0 = Debug|Any CPU
		{C22609F3-7BBC-40E9-962D-9F8F77ED1A2D}.Release|Any CPU.ActiveCfg = Release|Any CPU
		{C22609F3-7BBC-40E9-962D-9F8F77ED1A2D}.Release|Any CPU.Build.0 = Release|Any CPU
		{8E4F33B1-9A8F-46A4-AB3D-012AD7CB780E}.Debug|Any CPU.ActiveCfg = Debug|Any CPU
		{8E4F33B1-9A8F-46A4-AB3D-012AD7CB780E}.Debug|Any CPU.Build.0 = Debug|Any CPU
		{8E4F33B1-9A8F-46A4-AB3D-012AD7CB780E}.Release|Any CPU.ActiveCfg = Release|Any CPU
		{8E4F33B1-9A8F-46A4-AB3D-012AD7CB780E}.Release|Any CPU.Build.0 = Release|Any CPU
		{8403F96B-6434-4801-8B91-CE3391CF193C}.Debug|Any CPU.ActiveCfg = Debug|Any CPU
		{8403F96B-6434-4801-8B91-CE3391CF193C}.Debug|Any CPU.Build.0 = Debug|Any CPU
		{8403F96B-6434-4801-8B91-CE3391CF193C}.Release|Any CPU.ActiveCfg = Release|Any CPU
		{8403F96B-6434-4801-8B91-CE3391CF193C}.Release|Any CPU.Build.0 = Release|Any CPU
		{EE32FD09-FAA2-4056-93D8-A0C97D9DFC63}.Debug|Any CPU.ActiveCfg = Debug|Any CPU
		{EE32FD09-FAA2-4056-93D8-A0C97D9DFC63}.Debug|Any CPU.Build.0 = Debug|Any CPU
		{EE32FD09-FAA2-4056-93D8-A0C97D9DFC63}.Release|Any CPU.ActiveCfg = Release|Any CPU
		{EE32FD09-FAA2-4056-93D8-A0C97D9DFC63}.Release|Any CPU.Build.0 = Release|Any CPU
		{29611D38-6545-4729-977D-8BBCE3C9537B}.Debug|Any CPU.ActiveCfg = Debug|Any CPU
		{29611D38-6545-4729-977D-8BBCE3C9537B}.Debug|Any CPU.Build.0 = Debug|Any CPU
		{29611D38-6545-4729-977D-8BBCE3C9537B}.Release|Any CPU.ActiveCfg = Release|Any CPU
		{29611D38-6545-4729-977D-8BBCE3C9537B}.Release|Any CPU.Build.0 = Release|Any CPU
		{1249A65C-FEA0-4871-8D7E-09D48538EA78}.Debug|Any CPU.ActiveCfg = Debug|Any CPU
		{1249A65C-FEA0-4871-8D7E-09D48538EA78}.Debug|Any CPU.Build.0 = Debug|Any CPU
		{1249A65C-FEA0-4871-8D7E-09D48538EA78}.Release|Any CPU.ActiveCfg = Release|Any CPU
		{1249A65C-FEA0-4871-8D7E-09D48538EA78}.Release|Any CPU.Build.0 = Release|Any CPU
		{BC839BE3-C89C-42C6-8B0D-BDD30F7D3218}.Debug|Any CPU.ActiveCfg = Debug|Any CPU
		{BC839BE3-C89C-42C6-8B0D-BDD30F7D3218}.Debug|Any CPU.Build.0 = Debug|Any CPU
		{BC839BE3-C89C-42C6-8B0D-BDD30F7D3218}.Release|Any CPU.ActiveCfg = Release|Any CPU
		{BC839BE3-C89C-42C6-8B0D-BDD30F7D3218}.Release|Any CPU.Build.0 = Release|Any CPU
		{FC201AD9-6AAF-4EE0-AC47-47D4DE7D5431}.Debug|Any CPU.ActiveCfg = Debug|Any CPU
		{FC201AD9-6AAF-4EE0-AC47-47D4DE7D5431}.Debug|Any CPU.Build.0 = Debug|Any CPU
		{FC201AD9-6AAF-4EE0-AC47-47D4DE7D5431}.Release|Any CPU.ActiveCfg = Release|Any CPU
		{FC201AD9-6AAF-4EE0-AC47-47D4DE7D5431}.Release|Any CPU.Build.0 = Release|Any CPU
	EndGlobalSection
	GlobalSection(SolutionProperties) = preSolution
		HideSolutionNode = FALSE
	EndGlobalSection
EndGlobal
