
Microsoft Visual Studio Solution File, Format Version 12.00
# Visual Studio 14
VisualStudioVersion = 14.0.25420.1
MinimumVisualStudioVersion = 10.0.40219.1
Project("{FAE04EC0-301F-11D3-BF4B-00C04F79EFBC}") = "01.Reverse String", "01.Reverse String\01.Reverse String.csproj", "{1E7922C0-5F54-4F91-AF9C-0D510A9C38DB}"
EndProject
Project("{FAE04EC0-301F-11D3-BF4B-00C04F79EFBC}") = "02.StringLength", "02.StringLength\02.StringLength.csproj", "{6F1D34B7-C316-4F1C-98AC-4C9C6CCA8382}"
EndProject
Project("{FAE04EC0-301F-11D3-BF4B-00C04F79EFBC}") = "03.FormattingNumbers", "03.FormattingNumbers\03.FormattingNumbers.csproj", "{83B349C1-5977-41BA-87E3-D432388C979D}"
EndProject
Project("{FAE04EC0-301F-11D3-BF4B-00C04F79EFBC}") = "04.ConvertFromBase10toBaseN", "04.ConvertFromBase10toBaseN\04.ConvertFromBase10toBaseN.csproj", "{A0A43AFB-BA3E-45FC-9C86-703F6A45BB7A}"
EndProject
Project("{FAE04EC0-301F-11D3-BF4B-00C04F79EFBC}") = "05.ConvertFromBaseNtoBase10", "05.ConvertFromBaseNtoBase10\05.ConvertFromBaseNtoBase10.csproj", "{F48CD929-528C-4CE4-93B2-ED63AB6648F7}"
EndProject
Project("{FAE04EC0-301F-11D3-BF4B-00C04F79EFBC}") = "06.CountSubstringOccurrences", "06.CountSubstringOccurrences\06.CountSubstringOccurrences.csproj", "{71E4BE28-BFC6-4779-A3D9-DDD354005124}"
EndProject
Project("{FAE04EC0-301F-11D3-BF4B-00C04F79EFBC}") = "07.SumBigNumbers", "07.SumBigNumbers\07.SumBigNumbers.csproj", "{4A1B7184-9F98-4735-AF59-332DEC2C64E4}"
EndProject
Project("{FAE04EC0-301F-11D3-BF4B-00C04F79EFBC}") = "08.MultiplyBigNumber", "08.MultiplyBigNumber\08.MultiplyBigNumber.csproj", "{998C989C-7C05-4D05-A0D2-9B4D77687A59}"
EndProject
Project("{FAE04EC0-301F-11D3-BF4B-00C04F79EFBC}") = "09.TextFilter", "09.TextFilter\09.TextFilter.csproj", "{C5C67922-2ADD-4FB5-8D22-4AF8911B58A4}"
EndProject
Project("{FAE04EC0-301F-11D3-BF4B-00C04F79EFBC}") = "10.UnicodeCharacters", "10.UnicodeCharacters\10.UnicodeCharacters.csproj", "{F381B9F3-4D08-4F69-B864-FF0D495200C4}"
EndProject
Project("{FAE04EC0-301F-11D3-BF4B-00C04F79EFBC}") = "11.Palindromes", "11.Palindromes\11.Palindromes.csproj", "{2635134E-8B93-4073-A599-090E886533A6}"
EndProject
Project("{FAE04EC0-301F-11D3-BF4B-00C04F79EFBC}") = "12.CharacterMultiplier", "12.CharacterMultiplier\12.CharacterMultiplier.csproj", "{88C57EF9-5345-4CCD-A744-F15F7585C775}"
EndProject
Project("{FAE04EC0-301F-11D3-BF4B-00C04F79EFBC}") = "13.MagicExchangeableWords", "13.MagicExchangeableWords\13.MagicExchangeableWords.csproj", "{5BA89EF0-9086-478A-9110-C779563162FE}"
EndProject
Project("{FAE04EC0-301F-11D3-BF4B-00C04F79EFBC}") = "14.LettersChangeNumbers", "14.LettersChangeNumbers\14.LettersChangeNumbers.csproj", "{3788A3F7-5D72-4D93-AA6C-098418E42B13}"
EndProject
Project("{FAE04EC0-301F-11D3-BF4B-00C04F79EFBC}") = "15.MelrahShake", "15.MelrahShake\15.MelrahShake.csproj", "{33665A78-811B-4E79-9221-A3CBBE3DB57C}"
EndProject
Project("{FAE04EC0-301F-11D3-BF4B-00C04F79EFBC}") = "16.ExtractHyperlinks", "16.ExtractHyperlinks\16.ExtractHyperlinks.csproj", "{49526A6D-7273-411D-B709-DFF0181A2DF6}"
EndProject
Global
	GlobalSection(SolutionConfigurationPlatforms) = preSolution
		Debug|Any CPU = Debug|Any CPU
		Release|Any CPU = Release|Any CPU
	EndGlobalSection
	GlobalSection(ProjectConfigurationPlatforms) = postSolution
		{1E7922C0-5F54-4F91-AF9C-0D510A9C38DB}.Debug|Any CPU.ActiveCfg = Debug|Any CPU
		{1E7922C0-5F54-4F91-AF9C-0D510A9C38DB}.Debug|Any CPU.Build.0 = Debug|Any CPU
		{1E7922C0-5F54-4F91-AF9C-0D510A9C38DB}.Release|Any CPU.ActiveCfg = Release|Any CPU
		{1E7922C0-5F54-4F91-AF9C-0D510A9C38DB}.Release|Any CPU.Build.0 = Release|Any CPU
		{6F1D34B7-C316-4F1C-98AC-4C9C6CCA8382}.Debug|Any CPU.ActiveCfg = Debug|Any CPU
		{6F1D34B7-C316-4F1C-98AC-4C9C6CCA8382}.Debug|Any CPU.Build.0 = Debug|Any CPU
		{6F1D34B7-C316-4F1C-98AC-4C9C6CCA8382}.Release|Any CPU.ActiveCfg = Release|Any CPU
		{6F1D34B7-C316-4F1C-98AC-4C9C6CCA8382}.Release|Any CPU.Build.0 = Release|Any CPU
		{83B349C1-5977-41BA-87E3-D432388C979D}.Debug|Any CPU.ActiveCfg = Debug|Any CPU
		{83B349C1-5977-41BA-87E3-D432388C979D}.Debug|Any CPU.Build.0 = Debug|Any CPU
		{83B349C1-5977-41BA-87E3-D432388C979D}.Release|Any CPU.ActiveCfg = Release|Any CPU
		{83B349C1-5977-41BA-87E3-D432388C979D}.Release|Any CPU.Build.0 = Release|Any CPU
		{A0A43AFB-BA3E-45FC-9C86-703F6A45BB7A}.Debug|Any CPU.ActiveCfg = Debug|Any CPU
		{A0A43AFB-BA3E-45FC-9C86-703F6A45BB7A}.Debug|Any CPU.Build.0 = Debug|Any CPU
		{A0A43AFB-BA3E-45FC-9C86-703F6A45BB7A}.Release|Any CPU.ActiveCfg = Release|Any CPU
		{A0A43AFB-BA3E-45FC-9C86-703F6A45BB7A}.Release|Any CPU.Build.0 = Release|Any CPU
		{F48CD929-528C-4CE4-93B2-ED63AB6648F7}.Debug|Any CPU.ActiveCfg = Debug|Any CPU
		{F48CD929-528C-4CE4-93B2-ED63AB6648F7}.Debug|Any CPU.Build.0 = Debug|Any CPU
		{F48CD929-528C-4CE4-93B2-ED63AB6648F7}.Release|Any CPU.ActiveCfg = Release|Any CPU
		{F48CD929-528C-4CE4-93B2-ED63AB6648F7}.Release|Any CPU.Build.0 = Release|Any CPU
		{71E4BE28-BFC6-4779-A3D9-DDD354005124}.Debug|Any CPU.ActiveCfg = Debug|Any CPU
		{71E4BE28-BFC6-4779-A3D9-DDD354005124}.Debug|Any CPU.Build.0 = Debug|Any CPU
		{71E4BE28-BFC6-4779-A3D9-DDD354005124}.Release|Any CPU.ActiveCfg = Release|Any CPU
		{71E4BE28-BFC6-4779-A3D9-DDD354005124}.Release|Any CPU.Build.0 = Release|Any CPU
		{4A1B7184-9F98-4735-AF59-332DEC2C64E4}.Debug|Any CPU.ActiveCfg = Debug|Any CPU
		{4A1B7184-9F98-4735-AF59-332DEC2C64E4}.Debug|Any CPU.Build.0 = Debug|Any CPU
		{4A1B7184-9F98-4735-AF59-332DEC2C64E4}.Release|Any CPU.ActiveCfg = Release|Any CPU
		{4A1B7184-9F98-4735-AF59-332DEC2C64E4}.Release|Any CPU.Build.0 = Release|Any CPU
		{998C989C-7C05-4D05-A0D2-9B4D77687A59}.Debug|Any CPU.ActiveCfg = Debug|Any CPU
		{998C989C-7C05-4D05-A0D2-9B4D77687A59}.Debug|Any CPU.Build.0 = Debug|Any CPU
		{998C989C-7C05-4D05-A0D2-9B4D77687A59}.Release|Any CPU.ActiveCfg = Release|Any CPU
		{998C989C-7C05-4D05-A0D2-9B4D77687A59}.Release|Any CPU.Build.0 = Release|Any CPU
		{C5C67922-2ADD-4FB5-8D22-4AF8911B58A4}.Debug|Any CPU.ActiveCfg = Debug|Any CPU
		{C5C67922-2ADD-4FB5-8D22-4AF8911B58A4}.Debug|Any CPU.Build.0 = Debug|Any CPU
		{C5C67922-2ADD-4FB5-8D22-4AF8911B58A4}.Release|Any CPU.ActiveCfg = Release|Any CPU
		{C5C67922-2ADD-4FB5-8D22-4AF8911B58A4}.Release|Any CPU.Build.0 = Release|Any CPU
		{F381B9F3-4D08-4F69-B864-FF0D495200C4}.Debug|Any CPU.ActiveCfg = Debug|Any CPU
		{F381B9F3-4D08-4F69-B864-FF0D495200C4}.Debug|Any CPU.Build.0 = Debug|Any CPU
		{F381B9F3-4D08-4F69-B864-FF0D495200C4}.Release|Any CPU.ActiveCfg = Release|Any CPU
		{F381B9F3-4D08-4F69-B864-FF0D495200C4}.Release|Any CPU.Build.0 = Release|Any CPU
		{2635134E-8B93-4073-A599-090E886533A6}.Debug|Any CPU.ActiveCfg = Debug|Any CPU
		{2635134E-8B93-4073-A599-090E886533A6}.Debug|Any CPU.Build.0 = Debug|Any CPU
		{2635134E-8B93-4073-A599-090E886533A6}.Release|Any CPU.ActiveCfg = Release|Any CPU
		{2635134E-8B93-4073-A599-090E886533A6}.Release|Any CPU.Build.0 = Release|Any CPU
		{88C57EF9-5345-4CCD-A744-F15F7585C775}.Debug|Any CPU.ActiveCfg = Debug|Any CPU
		{88C57EF9-5345-4CCD-A744-F15F7585C775}.Debug|Any CPU.Build.0 = Debug|Any CPU
		{88C57EF9-5345-4CCD-A744-F15F7585C775}.Release|Any CPU.ActiveCfg = Release|Any CPU
		{88C57EF9-5345-4CCD-A744-F15F7585C775}.Release|Any CPU.Build.0 = Release|Any CPU
		{5BA89EF0-9086-478A-9110-C779563162FE}.Debug|Any CPU.ActiveCfg = Debug|Any CPU
		{5BA89EF0-9086-478A-9110-C779563162FE}.Debug|Any CPU.Build.0 = Debug|Any CPU
		{5BA89EF0-9086-478A-9110-C779563162FE}.Release|Any CPU.ActiveCfg = Release|Any CPU
		{5BA89EF0-9086-478A-9110-C779563162FE}.Release|Any CPU.Build.0 = Release|Any CPU
		{3788A3F7-5D72-4D93-AA6C-098418E42B13}.Debug|Any CPU.ActiveCfg = Debug|Any CPU
		{3788A3F7-5D72-4D93-AA6C-098418E42B13}.Debug|Any CPU.Build.0 = Debug|Any CPU
		{3788A3F7-5D72-4D93-AA6C-098418E42B13}.Release|Any CPU.ActiveCfg = Release|Any CPU
		{3788A3F7-5D72-4D93-AA6C-098418E42B13}.Release|Any CPU.Build.0 = Release|Any CPU
		{33665A78-811B-4E79-9221-A3CBBE3DB57C}.Debug|Any CPU.ActiveCfg = Debug|Any CPU
		{33665A78-811B-4E79-9221-A3CBBE3DB57C}.Debug|Any CPU.Build.0 = Debug|Any CPU
		{33665A78-811B-4E79-9221-A3CBBE3DB57C}.Release|Any CPU.ActiveCfg = Release|Any CPU
		{33665A78-811B-4E79-9221-A3CBBE3DB57C}.Release|Any CPU.Build.0 = Release|Any CPU
		{49526A6D-7273-411D-B709-DFF0181A2DF6}.Debug|Any CPU.ActiveCfg = Debug|Any CPU
		{49526A6D-7273-411D-B709-DFF0181A2DF6}.Debug|Any CPU.Build.0 = Debug|Any CPU
		{49526A6D-7273-411D-B709-DFF0181A2DF6}.Release|Any CPU.ActiveCfg = Release|Any CPU
		{49526A6D-7273-411D-B709-DFF0181A2DF6}.Release|Any CPU.Build.0 = Release|Any CPU
	EndGlobalSection
	GlobalSection(SolutionProperties) = preSolution
		HideSolutionNode = FALSE
	EndGlobalSection
EndGlobal
