
Microsoft Visual Studio Solution File, Format Version 12.00
# Visual Studio 14
VisualStudioVersion = 14.0.25420.1
MinimumVisualStudioVersion = 10.0.40219.1
Project("{FAE04EC0-301F-11D3-BF4B-00C04F79EFBC}") = "04.OnlineRadioDatabase", "04.OnlineRadioDatabase\04.OnlineRadioDatabase.csproj", "{D92A6C8E-F442-4810-982E-BBC3A5B0506F}"
EndProject
Project("{FAE04EC0-301F-11D3-BF4B-00C04F79EFBC}") = "01.SingleInheritance", "01.SingleInheritance\01.SingleInheritance.csproj", "{5F5A9B37-D76B-4E2D-9404-BAAA0FDE94EE}"
EndProject
Project("{FAE04EC0-301F-11D3-BF4B-00C04F79EFBC}") = "03.HierarchicalInheritance", "03.HierarchicalInheritance\03.HierarchicalInheritance.csproj", "{BD412EEC-A486-43DE-B91F-E7ABE911D681}"
EndProject
Project("{FAE04EC0-301F-11D3-BF4B-00C04F79EFBC}") = "04.RandomList", "04.RandomList\04.RandomList.csproj", "{5C6CA96B-BFA4-4D3C-AFC7-267C73F60EC2}"
EndProject
Project("{FAE04EC0-301F-11D3-BF4B-00C04F79EFBC}") = "05.StackStrings", "05.StackStrings\05.StackStrings.csproj", "{498A8741-4D58-4CBB-933B-A7E5A2B84999}"
EndProject
Project("{FAE04EC0-301F-11D3-BF4B-00C04F79EFBC}") = "01.Person", "01.Person\01.Person.csproj", "{4ABDCCE6-1416-49B6-922E-A8847C51DAC8}"
EndProject
Project("{FAE04EC0-301F-11D3-BF4B-00C04F79EFBC}") = "02.BookShop", "02.BookShop\02.BookShop.csproj", "{0D7BB653-E022-44EA-A8FD-F06541D6BD54}"
EndProject
Project("{FAE04EC0-301F-11D3-BF4B-00C04F79EFBC}") = "03.Mankind", "03.Mankind\03.Mankind.csproj", "{21B966F3-6A50-4793-90A1-36E7E15C072E}"
EndProject
Project("{FAE04EC0-301F-11D3-BF4B-00C04F79EFBC}") = "05.MordorsCrueltyPlan", "05.MordorsCrueltyPlan\05.MordorsCrueltyPlan.csproj", "{4CB80242-C061-4003-B54C-ECCB9C77521A}"
EndProject
Project("{FAE04EC0-301F-11D3-BF4B-00C04F79EFBC}") = "06.Animals", "06.Animals\06.Animals.csproj", "{AE92328E-033F-4FC3-82DE-8B890E219F67}"
EndProject
Global
	GlobalSection(SolutionConfigurationPlatforms) = preSolution
		Debug|Any CPU = Debug|Any CPU
		Release|Any CPU = Release|Any CPU
	EndGlobalSection
	GlobalSection(ProjectConfigurationPlatforms) = postSolution
		{D92A6C8E-F442-4810-982E-BBC3A5B0506F}.Debug|Any CPU.ActiveCfg = Debug|Any CPU
		{D92A6C8E-F442-4810-982E-BBC3A5B0506F}.Debug|Any CPU.Build.0 = Debug|Any CPU
		{D92A6C8E-F442-4810-982E-BBC3A5B0506F}.Release|Any CPU.ActiveCfg = Release|Any CPU
		{D92A6C8E-F442-4810-982E-BBC3A5B0506F}.Release|Any CPU.Build.0 = Release|Any CPU
		{5F5A9B37-D76B-4E2D-9404-BAAA0FDE94EE}.Debug|Any CPU.ActiveCfg = Debug|Any CPU
		{5F5A9B37-D76B-4E2D-9404-BAAA0FDE94EE}.Debug|Any CPU.Build.0 = Debug|Any CPU
		{5F5A9B37-D76B-4E2D-9404-BAAA0FDE94EE}.Release|Any CPU.ActiveCfg = Release|Any CPU
		{5F5A9B37-D76B-4E2D-9404-BAAA0FDE94EE}.Release|Any CPU.Build.0 = Release|Any CPU
		{BD412EEC-A486-43DE-B91F-E7ABE911D681}.Debug|Any CPU.ActiveCfg = Debug|Any CPU
		{BD412EEC-A486-43DE-B91F-E7ABE911D681}.Debug|Any CPU.Build.0 = Debug|Any CPU
		{BD412EEC-A486-43DE-B91F-E7ABE911D681}.Release|Any CPU.ActiveCfg = Release|Any CPU
		{BD412EEC-A486-43DE-B91F-E7ABE911D681}.Release|Any CPU.Build.0 = Release|Any CPU
		{5C6CA96B-BFA4-4D3C-AFC7-267C73F60EC2}.Debug|Any CPU.ActiveCfg = Debug|Any CPU
		{5C6CA96B-BFA4-4D3C-AFC7-267C73F60EC2}.Debug|Any CPU.Build.0 = Debug|Any CPU
		{5C6CA96B-BFA4-4D3C-AFC7-267C73F60EC2}.Release|Any CPU.ActiveCfg = Release|Any CPU
		{5C6CA96B-BFA4-4D3C-AFC7-267C73F60EC2}.Release|Any CPU.Build.0 = Release|Any CPU
		{498A8741-4D58-4CBB-933B-A7E5A2B84999}.Debug|Any CPU.ActiveCfg = Debug|Any CPU
		{498A8741-4D58-4CBB-933B-A7E5A2B84999}.Debug|Any CPU.Build.0 = Debug|Any CPU
		{498A8741-4D58-4CBB-933B-A7E5A2B84999}.Release|Any CPU.ActiveCfg = Release|Any CPU
		{498A8741-4D58-4CBB-933B-A7E5A2B84999}.Release|Any CPU.Build.0 = Release|Any CPU
		{4ABDCCE6-1416-49B6-922E-A8847C51DAC8}.Debug|Any CPU.ActiveCfg = Debug|Any CPU
		{4ABDCCE6-1416-49B6-922E-A8847C51DAC8}.Debug|Any CPU.Build.0 = Debug|Any CPU
		{4ABDCCE6-1416-49B6-922E-A8847C51DAC8}.Release|Any CPU.ActiveCfg = Release|Any CPU
		{4ABDCCE6-1416-49B6-922E-A8847C51DAC8}.Release|Any CPU.Build.0 = Release|Any CPU
		{0D7BB653-E022-44EA-A8FD-F06541D6BD54}.Debug|Any CPU.ActiveCfg = Debug|Any CPU
		{0D7BB653-E022-44EA-A8FD-F06541D6BD54}.Debug|Any CPU.Build.0 = Debug|Any CPU
		{0D7BB653-E022-44EA-A8FD-F06541D6BD54}.Release|Any CPU.ActiveCfg = Release|Any CPU
		{0D7BB653-E022-44EA-A8FD-F06541D6BD54}.Release|Any CPU.Build.0 = Release|Any CPU
		{21B966F3-6A50-4793-90A1-36E7E15C072E}.Debug|Any CPU.ActiveCfg = Debug|Any CPU
		{21B966F3-6A50-4793-90A1-36E7E15C072E}.Debug|Any CPU.Build.0 = Debug|Any CPU
		{21B966F3-6A50-4793-90A1-36E7E15C072E}.Release|Any CPU.ActiveCfg = Release|Any CPU
		{21B966F3-6A50-4793-90A1-36E7E15C072E}.Release|Any CPU.Build.0 = Release|Any CPU
		{4CB80242-C061-4003-B54C-ECCB9C77521A}.Debug|Any CPU.ActiveCfg = Debug|Any CPU
		{4CB80242-C061-4003-B54C-ECCB9C77521A}.Debug|Any CPU.Build.0 = Debug|Any CPU
		{4CB80242-C061-4003-B54C-ECCB9C77521A}.Release|Any CPU.ActiveCfg = Release|Any CPU
		{4CB80242-C061-4003-B54C-ECCB9C77521A}.Release|Any CPU.Build.0 = Release|Any CPU
		{AE92328E-033F-4FC3-82DE-8B890E219F67}.Debug|Any CPU.ActiveCfg = Debug|Any CPU
		{AE92328E-033F-4FC3-82DE-8B890E219F67}.Debug|Any CPU.Build.0 = Debug|Any CPU
		{AE92328E-033F-4FC3-82DE-8B890E219F67}.Release|Any CPU.ActiveCfg = Release|Any CPU
		{AE92328E-033F-4FC3-82DE-8B890E219F67}.Release|Any CPU.Build.0 = Release|Any CPU
	EndGlobalSection
	GlobalSection(SolutionProperties) = preSolution
		HideSolutionNode = FALSE
	EndGlobalSection
EndGlobal
